
Microsoft Visual Studio Solution File, Format Version 12.00
# Visual Studio 15
Project("{FAE04EC0-301F-11D3-BF4B-00C04F79EFBC}") = "Oculus.Platform", "Oculus.Platform.csproj", "{DBBA095B-2889-2B0B-CF26-A0C5BFEFB721}"
EndProject
Project("{FAE04EC0-301F-11D3-BF4B-00C04F79EFBC}") = "Assembly-CSharp", "Assembly-CSharp.csproj", "{BB8CA044-EF8B-0AE9-7187-95E280CDE02C}"
EndProject
Project("{FAE04EC0-301F-11D3-BF4B-00C04F79EFBC}") = "Oculus.Interaction", "Oculus.Interaction.csproj", "{ED33E605-6ADF-7432-AE23-D4A29B64F48A}"
EndProject
Project("{FAE04EC0-301F-11D3-BF4B-00C04F79EFBC}") = "Oculus.Spatializer", "Oculus.Spatializer.csproj", "{69513820-7B40-F786-6CFD-9089594A5364}"
EndProject
Project("{FAE04EC0-301F-11D3-BF4B-00C04F79EFBC}") = "Facebook.WitAI", "Facebook.WitAI.csproj", "{5077E3BC-2A77-FDC6-9CFB-BF9BEAC2379F}"
EndProject
Project("{FAE04EC0-301F-11D3-BF4B-00C04F79EFBC}") = "Oculus.AudioManager", "Oculus.AudioManager.csproj", "{6709DFB3-C648-76E0-C308-85C2F6CBA527}"
EndProject
Project("{FAE04EC0-301F-11D3-BF4B-00C04F79EFBC}") = "Oculus.VR", "Oculus.VR.csproj", "{494B4642-9FE2-2D91-70D4-A2A60DBF8C0E}"
EndProject
Project("{FAE04EC0-301F-11D3-BF4B-00C04F79EFBC}") = "Oculus.Interaction.Samples", "Oculus.Interaction.Samples.csproj", "{2E9EDA04-C6F5-E064-6297-8C00AD3E9FF0}"
EndProject
Project("{FAE04EC0-301F-11D3-BF4B-00C04F79EFBC}") = "VoiceSDK.Runtime", "VoiceSDK.Runtime.csproj", "{5BFF5A8B-7BBE-686D-6630-63489EF548C5}"
EndProject
Project("{FAE04EC0-301F-11D3-BF4B-00C04F79EFBC}") = "AssistantCoreSDKRuntime", "AssistantCoreSDKRuntime.csproj", "{649D11DA-5512-76A3-FD62-B58064D93D9E}"
EndProject
Project("{FAE04EC0-301F-11D3-BF4B-00C04F79EFBC}") = "Oculus.LipSync", "Oculus.LipSync.csproj", "{2840FD7E-244F-FF30-3611-E577DC75E58D}"
EndProject
Project("{FAE04EC0-301F-11D3-BF4B-00C04F79EFBC}") = "Oculus.Platform.Editor", "Oculus.Platform.Editor.csproj", "{DFE9EA25-2840-900F-762F-E4EFF723A28D}"
EndProject
Project("{FAE04EC0-301F-11D3-BF4B-00C04F79EFBC}") = "Oculus.AudioManager.Audio.Editor", "Oculus.AudioManager.Audio.Editor.csproj", "{BDD57015-74F0-7B2C-4EA2-32E60C7AEBEC}"
EndProject
Project("{FAE04EC0-301F-11D3-BF4B-00C04F79EFBC}") = "Oculus.Interaction.Editor", "Oculus.Interaction.Editor.csproj", "{4A1D0FCB-A289-F4CE-2426-067098DD41ED}"
EndProject
Project("{FAE04EC0-301F-11D3-BF4B-00C04F79EFBC}") = "Oculus.VR.Scripts.Editor", "Oculus.VR.Scripts.Editor.csproj", "{AD200ABD-C270-0B89-D9B2-017643D1FF27}"
EndProject
Project("{FAE04EC0-301F-11D3-BF4B-00C04F79EFBC}") = "Facebook.Wit.Editor", "Facebook.Wit.Editor.csproj", "{A582793C-051C-EA14-0744-73B06F68B5FA}"
EndProject
Project("{FAE04EC0-301F-11D3-BF4B-00C04F79EFBC}") = "Oculus.Spatializer.Editor", "Oculus.Spatializer.Editor.csproj", "{99F30F38-7C90-BACF-A1E0-ECE2680CDBB5}"
EndProject
Project("{FAE04EC0-301F-11D3-BF4B-00C04F79EFBC}") = "Oculus.VR.Editor", "Oculus.VR.Editor.csproj", "{DFD04445-AB28-553E-3154-9BE2E8EFA5FF}"
EndProject
Project("{FAE04EC0-301F-11D3-BF4B-00C04F79EFBC}") = "Oculus.LipSync.Editor", "Oculus.LipSync.Editor.csproj", "{5F046FB6-7908-35AA-85C5-D1A9431F5F59}"
EndProject
Project("{FAE04EC0-301F-11D3-BF4B-00C04F79EFBC}") = "Assembly-CSharp-Editor", "Assembly-CSharp-Editor.csproj", "{327B2ADC-CEE1-30AD-3810-AC81EDC743BA}"
EndProject
Project("{FAE04EC0-301F-11D3-BF4B-00C04F79EFBC}") = "VoiceSDK.Editor", "VoiceSDK.Editor.csproj", "{1D46524C-DC30-B1F5-6CC7-C9D1E8B3FCB1}"
EndProject
Project("{FAE04EC0-301F-11D3-BF4B-00C04F79EFBC}") = "AssistantCoreSDKEditor", "AssistantCoreSDKEditor.csproj", "{EF6CBCE5-8ACA-1C0E-8C21-FC4F7798A042}"
EndProject
Project("{FAE04EC0-301F-11D3-BF4B-00C04F79EFBC}") = "Oculus.AudioManager.Utils.Editor", "Oculus.AudioManager.Utils.Editor.csproj", "{76EE2E9B-81CF-DBA1-32B3-4C31A1945512}"
EndProject
Project("{FAE04EC0-301F-11D3-BF4B-00C04F79EFBC}") = "Oculus.Interaction.InterfaceSupport", "Oculus.Interaction.InterfaceSupport.csproj", "{D12BF095-1B72-B66E-73F6-F51944B3D166}"
EndProject
Global
	GlobalSection(SolutionConfigurationPlatforms) = preSolution
		Debug|Any CPU = Debug|Any CPU
		Release|Any CPU = Release|Any CPU
	EndGlobalSection
	GlobalSection(ProjectConfigurationPlatforms) = postSolution
		{DBBA095B-2889-2B0B-CF26-A0C5BFEFB721}.Debug|Any CPU.ActiveCfg = Debug|Any CPU
		{DBBA095B-2889-2B0B-CF26-A0C5BFEFB721}.Debug|Any CPU.Build.0 = Debug|Any CPU
		{DBBA095B-2889-2B0B-CF26-A0C5BFEFB721}.Release|Any CPU.ActiveCfg = Release|Any CPU
		{DBBA095B-2889-2B0B-CF26-A0C5BFEFB721}.Release|Any CPU.Build.0 = Release|Any CPU
		{BB8CA044-EF8B-0AE9-7187-95E280CDE02C}.Debug|Any CPU.ActiveCfg = Debug|Any CPU
		{BB8CA044-EF8B-0AE9-7187-95E280CDE02C}.Debug|Any CPU.Build.0 = Debug|Any CPU
		{BB8CA044-EF8B-0AE9-7187-95E280CDE02C}.Release|Any CPU.ActiveCfg = Release|Any CPU
		{BB8CA044-EF8B-0AE9-7187-95E280CDE02C}.Release|Any CPU.Build.0 = Release|Any CPU
		{ED33E605-6ADF-7432-AE23-D4A29B64F48A}.Debug|Any CPU.ActiveCfg = Debug|Any CPU
		{ED33E605-6ADF-7432-AE23-D4A29B64F48A}.Debug|Any CPU.Build.0 = Debug|Any CPU
		{ED33E605-6ADF-7432-AE23-D4A29B64F48A}.Release|Any CPU.ActiveCfg = Release|Any CPU
		{ED33E605-6ADF-7432-AE23-D4A29B64F48A}.Release|Any CPU.Build.0 = Release|Any CPU
		{69513820-7B40-F786-6CFD-9089594A5364}.Debug|Any CPU.ActiveCfg = Debug|Any CPU
		{69513820-7B40-F786-6CFD-9089594A5364}.Debug|Any CPU.Build.0 = Debug|Any CPU
		{69513820-7B40-F786-6CFD-9089594A5364}.Release|Any CPU.ActiveCfg = Release|Any CPU
		{69513820-7B40-F786-6CFD-9089594A5364}.Release|Any CPU.Build.0 = Release|Any CPU
		{5077E3BC-2A77-FDC6-9CFB-BF9BEAC2379F}.Debug|Any CPU.ActiveCfg = Debug|Any CPU
		{5077E3BC-2A77-FDC6-9CFB-BF9BEAC2379F}.Debug|Any CPU.Build.0 = Debug|Any CPU
		{5077E3BC-2A77-FDC6-9CFB-BF9BEAC2379F}.Release|Any CPU.ActiveCfg = Release|Any CPU
		{5077E3BC-2A77-FDC6-9CFB-BF9BEAC2379F}.Release|Any CPU.Build.0 = Release|Any CPU
		{6709DFB3-C648-76E0-C308-85C2F6CBA527}.Debug|Any CPU.ActiveCfg = Debug|Any CPU
		{6709DFB3-C648-76E0-C308-85C2F6CBA527}.Debug|Any CPU.Build.0 = Debug|Any CPU
		{6709DFB3-C648-76E0-C308-85C2F6CBA527}.Release|Any CPU.ActiveCfg = Release|Any CPU
		{6709DFB3-C648-76E0-C308-85C2F6CBA527}.Release|Any CPU.Build.0 = Release|Any CPU
		{494B4642-9FE2-2D91-70D4-A2A60DBF8C0E}.Debug|Any CPU.ActiveCfg = Debug|Any CPU
		{494B4642-9FE2-2D91-70D4-A2A60DBF8C0E}.Debug|Any CPU.Build.0 = Debug|Any CPU
		{494B4642-9FE2-2D91-70D4-A2A60DBF8C0E}.Release|Any CPU.ActiveCfg = Release|Any CPU
		{494B4642-9FE2-2D91-70D4-A2A60DBF8C0E}.Release|Any CPU.Build.0 = Release|Any CPU
		{2E9EDA04-C6F5-E064-6297-8C00AD3E9FF0}.Debug|Any CPU.ActiveCfg = Debug|Any CPU
		{2E9EDA04-C6F5-E064-6297-8C00AD3E9FF0}.Debug|Any CPU.Build.0 = Debug|Any CPU
		{2E9EDA04-C6F5-E064-6297-8C00AD3E9FF0}.Release|Any CPU.ActiveCfg = Release|Any CPU
		{2E9EDA04-C6F5-E064-6297-8C00AD3E9FF0}.Release|Any CPU.Build.0 = Release|Any CPU
		{5BFF5A8B-7BBE-686D-6630-63489EF548C5}.Debug|Any CPU.ActiveCfg = Debug|Any CPU
		{5BFF5A8B-7BBE-686D-6630-63489EF548C5}.Debug|Any CPU.Build.0 = Debug|Any CPU
		{5BFF5A8B-7BBE-686D-6630-63489EF548C5}.Release|Any CPU.ActiveCfg = Release|Any CPU
		{5BFF5A8B-7BBE-686D-6630-63489EF548C5}.Release|Any CPU.Build.0 = Release|Any CPU
		{649D11DA-5512-76A3-FD62-B58064D93D9E}.Debug|Any CPU.ActiveCfg = Debug|Any CPU
		{649D11DA-5512-76A3-FD62-B58064D93D9E}.Debug|Any CPU.Build.0 = Debug|Any CPU
		{649D11DA-5512-76A3-FD62-B58064D93D9E}.Release|Any CPU.ActiveCfg = Release|Any CPU
		{649D11DA-5512-76A3-FD62-B58064D93D9E}.Release|Any CPU.Build.0 = Release|Any CPU
		{2840FD7E-244F-FF30-3611-E577DC75E58D}.Debug|Any CPU.ActiveCfg = Debug|Any CPU
		{2840FD7E-244F-FF30-3611-E577DC75E58D}.Debug|Any CPU.Build.0 = Debug|Any CPU
		{2840FD7E-244F-FF30-3611-E577DC75E58D}.Release|Any CPU.ActiveCfg = Release|Any CPU
		{2840FD7E-244F-FF30-3611-E577DC75E58D}.Release|Any CPU.Build.0 = Release|Any CPU
		{DFE9EA25-2840-900F-762F-E4EFF723A28D}.Debug|Any CPU.ActiveCfg = Debug|Any CPU
		{DFE9EA25-2840-900F-762F-E4EFF723A28D}.Debug|Any CPU.Build.0 = Debug|Any CPU
		{DFE9EA25-2840-900F-762F-E4EFF723A28D}.Release|Any CPU.ActiveCfg = Release|Any CPU
		{DFE9EA25-2840-900F-762F-E4EFF723A28D}.Release|Any CPU.Build.0 = Release|Any CPU
		{BDD57015-74F0-7B2C-4EA2-32E60C7AEBEC}.Debug|Any CPU.ActiveCfg = Debug|Any CPU
		{BDD57015-74F0-7B2C-4EA2-32E60C7AEBEC}.Debug|Any CPU.Build.0 = Debug|Any CPU
		{BDD57015-74F0-7B2C-4EA2-32E60C7AEBEC}.Release|Any CPU.ActiveCfg = Release|Any CPU
		{BDD57015-74F0-7B2C-4EA2-32E60C7AEBEC}.Release|Any CPU.Build.0 = Release|Any CPU
		{4A1D0FCB-A289-F4CE-2426-067098DD41ED}.Debug|Any CPU.ActiveCfg = Debug|Any CPU
		{4A1D0FCB-A289-F4CE-2426-067098DD41ED}.Debug|Any CPU.Build.0 = Debug|Any CPU
		{4A1D0FCB-A289-F4CE-2426-067098DD41ED}.Release|Any CPU.ActiveCfg = Release|Any CPU
		{4A1D0FCB-A289-F4CE-2426-067098DD41ED}.Release|Any CPU.Build.0 = Release|Any CPU
		{AD200ABD-C270-0B89-D9B2-017643D1FF27}.Debug|Any CPU.ActiveCfg = Debug|Any CPU
		{AD200ABD-C270-0B89-D9B2-017643D1FF27}.Debug|Any CPU.Build.0 = Debug|Any CPU
		{AD200ABD-C270-0B89-D9B2-017643D1FF27}.Release|Any CPU.ActiveCfg = Release|Any CPU
		{AD200ABD-C270-0B89-D9B2-017643D1FF27}.Release|Any CPU.Build.0 = Release|Any CPU
		{A582793C-051C-EA14-0744-73B06F68B5FA}.Debug|Any CPU.ActiveCfg = Debug|Any CPU
		{A582793C-051C-EA14-0744-73B06F68B5FA}.Debug|Any CPU.Build.0 = Debug|Any CPU
		{A582793C-051C-EA14-0744-73B06F68B5FA}.Release|Any CPU.ActiveCfg = Release|Any CPU
		{A582793C-051C-EA14-0744-73B06F68B5FA}.Release|Any CPU.Build.0 = Release|Any CPU
		{99F30F38-7C90-BACF-A1E0-ECE2680CDBB5}.Debug|Any CPU.ActiveCfg = Debug|Any CPU
		{99F30F38-7C90-BACF-A1E0-ECE2680CDBB5}.Debug|Any CPU.Build.0 = Debug|Any CPU
		{99F30F38-7C90-BACF-A1E0-ECE2680CDBB5}.Release|Any CPU.ActiveCfg = Release|Any CPU
		{99F30F38-7C90-BACF-A1E0-ECE2680CDBB5}.Release|Any CPU.Build.0 = Release|Any CPU
		{DFD04445-AB28-553E-3154-9BE2E8EFA5FF}.Debug|Any CPU.ActiveCfg = Debug|Any CPU
		{DFD04445-AB28-553E-3154-9BE2E8EFA5FF}.Debug|Any CPU.Build.0 = Debug|Any CPU
		{DFD04445-AB28-553E-3154-9BE2E8EFA5FF}.Release|Any CPU.ActiveCfg = Release|Any CPU
		{DFD04445-AB28-553E-3154-9BE2E8EFA5FF}.Release|Any CPU.Build.0 = Release|Any CPU
		{5F046FB6-7908-35AA-85C5-D1A9431F5F59}.Debug|Any CPU.ActiveCfg = Debug|Any CPU
		{5F046FB6-7908-35AA-85C5-D1A9431F5F59}.Debug|Any CPU.Build.0 = Debug|Any CPU
		{5F046FB6-7908-35AA-85C5-D1A9431F5F59}.Release|Any CPU.ActiveCfg = Release|Any CPU
		{5F046FB6-7908-35AA-85C5-D1A9431F5F59}.Release|Any CPU.Build.0 = Release|Any CPU
		{327B2ADC-CEE1-30AD-3810-AC81EDC743BA}.Debug|Any CPU.ActiveCfg = Debug|Any CPU
		{327B2ADC-CEE1-30AD-3810-AC81EDC743BA}.Debug|Any CPU.Build.0 = Debug|Any CPU
		{327B2ADC-CEE1-30AD-3810-AC81EDC743BA}.Release|Any CPU.ActiveCfg = Release|Any CPU
		{327B2ADC-CEE1-30AD-3810-AC81EDC743BA}.Release|Any CPU.Build.0 = Release|Any CPU
		{1D46524C-DC30-B1F5-6CC7-C9D1E8B3FCB1}.Debug|Any CPU.ActiveCfg = Debug|Any CPU
		{1D46524C-DC30-B1F5-6CC7-C9D1E8B3FCB1}.Debug|Any CPU.Build.0 = Debug|Any CPU
		{1D46524C-DC30-B1F5-6CC7-C9D1E8B3FCB1}.Release|Any CPU.ActiveCfg = Release|Any CPU
		{1D46524C-DC30-B1F5-6CC7-C9D1E8B3FCB1}.Release|Any CPU.Build.0 = Release|Any CPU
		{EF6CBCE5-8ACA-1C0E-8C21-FC4F7798A042}.Debug|Any CPU.ActiveCfg = Debug|Any CPU
		{EF6CBCE5-8ACA-1C0E-8C21-FC4F7798A042}.Debug|Any CPU.Build.0 = Debug|Any CPU
		{EF6CBCE5-8ACA-1C0E-8C21-FC4F7798A042}.Release|Any CPU.ActiveCfg = Release|Any CPU
		{EF6CBCE5-8ACA-1C0E-8C21-FC4F7798A042}.Release|Any CPU.Build.0 = Release|Any CPU
		{76EE2E9B-81CF-DBA1-32B3-4C31A1945512}.Debug|Any CPU.ActiveCfg = Debug|Any CPU
		{76EE2E9B-81CF-DBA1-32B3-4C31A1945512}.Debug|Any CPU.Build.0 = Debug|Any CPU
		{76EE2E9B-81CF-DBA1-32B3-4C31A1945512}.Release|Any CPU.ActiveCfg = Release|Any CPU
		{76EE2E9B-81CF-DBA1-32B3-4C31A1945512}.Release|Any CPU.Build.0 = Release|Any CPU
		{D12BF095-1B72-B66E-73F6-F51944B3D166}.Debug|Any CPU.ActiveCfg = Debug|Any CPU
		{D12BF095-1B72-B66E-73F6-F51944B3D166}.Debug|Any CPU.Build.0 = Debug|Any CPU
		{D12BF095-1B72-B66E-73F6-F51944B3D166}.Release|Any CPU.ActiveCfg = Release|Any CPU
		{D12BF095-1B72-B66E-73F6-F51944B3D166}.Release|Any CPU.Build.0 = Release|Any CPU
	EndGlobalSection
	GlobalSection(SolutionProperties) = preSolution
		HideSolutionNode = FALSE
	EndGlobalSection
EndGlobal
